{
  "lockfile_version": "1",
  "packages": {
    "libiconv@latest": {
      "last_modified": "2024-12-03T12:40:06Z",
      "resolved": "github:NixOS/nixpkgs/566e53c2ad750c84f6d31f9ccb9d00f823165550#libiconv",
      "source": "devbox-search",
      "version": "2.40",
      "systems": {
        "aarch64-linux": {
          "outputs": [
            {
              "name": "out",
              "path": "/nix/store/vmj98hrwfjba7rsqml99gvv7ad0x2a4x-glibc-iconv-2.40",
              "default": true
            }
          ],
          "store_path": "/nix/store/vmj98hrwfjba7rsqml99gvv7ad0x2a4x-glibc-iconv-2.40"
        },
        "x86_64-linux": {
          "outputs": [
            {
              "name": "out",
              "path": "/nix/store/al7p4vfb2hw0y273mqm3cglgkfhfiqs1-glibc-iconv-2.40",
              "default": true
            }
          ],
          "store_path": "/nix/store/al7p4vfb2hw0y273mqm3cglgkfhfiqs1-glibc-iconv-2.40"
        }
      }
    },
    "rustup@latest": {
      "last_modified": "2024-11-22T01:27:12Z",
      "plugin_version": "0.0.1",
      "resolved": "github:NixOS/nixpkgs/8edf06bea5bcbee082df1b7369ff973b91618b8d#rustup",
      "source": "devbox-search",
      "version": "1.27.1",
      "systems": {
        "aarch64-darwin": {
          "outputs": [
            {
              "name": "out",
              "path": "/nix/store/693yqaxdw05xy9f74y5kqzdj0v1yj1mr-rustup-1.27.1",
              "default": true
            }
          ],
          "store_path": "/nix/store/693yqaxdw05xy9f74y5kqzdj0v1yj1mr-rustup-1.27.1"
        },
        "aarch64-linux": {
          "outputs": [
            {
              "name": "out",
              "path": "/nix/store/8hbd2v1gbzyisymqirikh7n542b3c3yd-rustup-1.27.1",
              "default": true
            }
          ],
          "store_path": "/nix/store/8hbd2v1gbzyisymqirikh7n542b3c3yd-rustup-1.27.1"
        },
        "x86_64-darwin": {
          "outputs": [
            {
              "name": "out",
              "path": "/nix/store/4gqa2pkw40wv3vvg0l6knjc27dhlxwal-rustup-1.27.1",
              "default": true
            }
          ],
          "store_path": "/nix/store/4gqa2pkw40wv3vvg0l6knjc27dhlxwal-rustup-1.27.1"
        },
        "x86_64-linux": {
          "outputs": [
            {
              "name": "out",
              "path": "/nix/store/61cl3xwz7y6msh50j9793lgyqjl95qc2-rustup-1.27.1",
              "default": true
            }
          ],
          "store_path": "/nix/store/61cl3xwz7y6msh50j9793lgyqjl95qc2-rustup-1.27.1"
        }
      }
    }
  }
}
